
Microsoft Visual Studio Solution File, Format Version 12.00
# Visual Studio Version 17
VisualStudioVersion = 17.9.34728.123
MinimumVisualStudioVersion = 10.0.40219.1
Project("{FAE04EC0-301F-11D3-BF4B-00C04F79EFBC}") = "HotelReservationProject", "HotelReservationProject\HotelReservationProject.csproj", "{4BFEC74B-1727-4E71-A0E3-D345CC862C19}"
EndProject
Global
	GlobalSection(SolutionConfigurationPlatforms) = preSolution
		Debug|Any CPU = Debug|Any CPU
		Release|Any CPU = Release|Any CPU
	EndGlobalSection
	GlobalSection(ProjectConfigurationPlatforms) = postSolution
		{4BFEC74B-1727-4E71-A0E3-D345CC862C19}.Debug|Any CPU.ActiveCfg = Debug|Any CPU
		{4BFEC74B-1727-4E71-A0E3-D345CC862C19}.Debug|Any CPU.Build.0 = Debug|Any CPU
		{4BFEC74B-1727-4E71-A0E3-D345CC862C19}.Release|Any CPU.ActiveCfg = Release|Any CPU
		{4BFEC74B-1727-4E71-A0E3-D345CC862C19}.Release|Any CPU.Build.0 = Release|Any CPU
	EndGlobalSection
	GlobalSection(SolutionProperties) = preSolution
		HideSolutionNode = FALSE
	EndGlobalSection
	GlobalSection(ExtensibilityGlobals) = postSolution
		SolutionGuid = {11FC1041-1421-4A27-82DE-55CB5ACD09EE}
	EndGlobalSection
EndGlobal
